// !$*UTF8*$!
{
	archiveVersion = 1;
	classes = {
	};
	objectVersion = 46;
	objects = {

/* Begin PBXBuildFile section */
		A57492671F06DC4100B0C51D /* AppDelegate.swift in Sources */ = {isa = PBXBuildFile; fileRef = A57492661F06DC4100B0C51D /* AppDelegate.swift */; };
		A57492691F06DC4100B0C51D /* ViewController.swift in Sources */ = {isa = PBXBuildFile; fileRef = A57492681F06DC4100B0C51D /* ViewController.swift */; };
		A574926E1F06DC4100B0C51D /* Assets.xcassets in Resources */ = {isa = PBXBuildFile; fileRef = A574926D1F06DC4100B0C51D /* Assets.xcassets */; };
		A57492711F06DC4200B0C51D /* LaunchScreen.storyboard in Resources */ = {isa = PBXBuildFile; fileRef = A574926F1F06DC4200B0C51D /* LaunchScreen.storyboard */; };
		A57492791F06DC4E00B0C51D /* Book.swift in Sources */ = {isa = PBXBuildFile; fileRef = A57492781F06DC4E00B0C51D /* Book.swift */; };
		A574927B1F06DC5900B0C51D /* Page.swift in Sources */ = {isa = PBXBuildFile; fileRef = A574927A1F06DC5900B0C51D /* Page.swift */; };
/* End PBXBuildFile section */

/* Begin PBXFileReference section */
		A57492631F06DC4100B0C51D /* KindleCopyCat.app */ = {isa = PBXFileReference; explicitFileType = wrapper.application; includeInIndex = 0; path = KindleCopyCat.app; sourceTree = BUILT_PRODUCTS_DIR; };
		A57492661F06DC4100B0C51D /* AppDelegate.swift */ = {isa = PBXFileReference; lastKnownFileType = sourcecode.swift; path = AppDelegate.swift; sourceTree = "<group>"; };
		A57492681F06DC4100B0C51D /* ViewController.swift */ = {isa = PBXFileReference; lastKnownFileType = sourcecode.swift; path = ViewController.swift; sourceTree = "<group>"; };
		A574926D1F06DC4100B0C51D /* Assets.xcassets */ = {isa = PBXFileReference; lastKnownFileType = folder.assetcatalog; path = Assets.xcassets; sourceTree = "<group>"; };
		A57492701F06DC4200B0C51D /* Base */ = {isa = PBXFileReference; lastKnownFileType = file.storyboard; name = Base; path = Base.lproj/LaunchScreen.storyboard; sourceTree = "<group>"; };
		A57492721F06DC4200B0C51D /* Info.plist */ = {isa = PBXFileReference; lastKnownFileType = text.plist.xml; path = Info.plist; sourceTree = "<group>"; };
		A57492781F06DC4E00B0C51D /* Book.swift */ = {isa = PBXFileReference; fileEncoding = 4; lastKnownFileType = sourcecode.swift; path = Book.swift; sourceTree = "<group>"; };
		A574927A1F06DC5900B0C51D /* Page.swift */ = {isa = PBXFileReference; fileEncoding = 4; lastKnownFileType = sourcecode.swift; path = Page.swift; sourceTree = "<group>"; };
/* End PBXFileReference section */

/* Begin PBXFrameworksBuildPhase section */
		A57492601F06DC4100B0C51D /* Frameworks */ = {
			isa = PBXFrameworksBuildPhase;
			buildActionMask = 2147483647;
			files = (
			);
			runOnlyForDeploymentPostprocessing = 0;
		};
/* End PBXFrameworksBuildPhase section */

/* Begin PBXGroup section */
		A574925A1F06DC4100B0C51D = {
			isa = PBXGroup;
			children = (
				A57492651F06DC4100B0C51D /* KindleCopyCat */,
				A57492641F06DC4100B0C51D /* Products */,
			);
			sourceTree = "<group>";
		};
		A57492641F06DC4100B0C51D /* Products */ = {
			isa = PBXGroup;
			children = (
				A57492631F06DC4100B0C51D /* KindleCopyCat.app */,
			);
			name = Products;
			sourceTree = "<group>";
		};
		A57492651F06DC4100B0C51D /* KindleCopyCat */ = {
			isa = PBXGroup;
			children = (
				A57492661F06DC4100B0C51D /* AppDelegate.swift */,
				A57492681F06DC4100B0C51D /* ViewController.swift */,
				A574926D1F06DC4100B0C51D /* Assets.xcassets */,
				A574926F1F06DC4200B0C51D /* LaunchScreen.storyboard */,
				A57492721F06DC4200B0C51D /* Info.plist */,
				A57492781F06DC4E00B0C51D /* Book.swift */,
				A574927A1F06DC5900B0C51D /* Page.swift */,
			);
			path = KindleCopyCat;
			sourceTree = "<group>";
		};
/* End PBXGroup section */

/* Begin PBXNativeTarget section */
		A57492621F06DC4100B0C51D /* KindleCopyCat */ = {
			isa = PBXNativeTarget;
			buildConfigurationList = A57492751F06DC4200B0C51D /* Build configuration list for PBXNativeTarget "KindleCopyCat" */;
			buildPhases = (
				A574925F1F06DC4100B0C51D /* Sources */,
				A57492601F06DC4100B0C51D /* Frameworks */,
				A57492611F06DC4100B0C51D /* Resources */,
			);
			buildRules = (
			);
			dependencies = (
			);
			name = KindleCopyCat;
			productName = KindleCopyCat;
			productReference = A57492631F06DC4100B0C51D /* KindleCopyCat.app */;
			productType = "com.apple.product-type.application";
		};
/* End PBXNativeTarget section */

/* Begin PBXProject section */
		A574925B1F06DC4100B0C51D /* Project object */ = {
			isa = PBXProject;
			attributes = {
				LastSwiftUpdateCheck = 0830;
				LastUpgradeCheck = 0830;
				ORGANIZATIONNAME = "Douglas Heitner";
				TargetAttributes = {
					A57492621F06DC4100B0C51D = {
						CreatedOnToolsVersion = 8.3.3;
						ProvisioningStyle = Automatic;
					};
				};
			};
			buildConfigurationList = A574925E1F06DC4100B0C51D /* Build configuration list for PBXProject "KindleCopyCat" */;
			compatibilityVersion = "Xcode 3.2";
			developmentRegion = English;
			hasScannedForEncodings = 0;
			knownRegions = (
				en,
				Base,
			);
			mainGroup = A574925A1F06DC4100B0C51D;
			productRefGroup = A57492641F06DC4100B0C51D /* Products */;
			projectDirPath = "";
			projectRoot = "";
			targets = (
				A57492621F06DC4100B0C51D /* KindleCopyCat */,
			);
		};
/* End PBXProject section */

/* Begin PBXResourcesBuildPhase section */
		A57492611F06DC4100B0C51D /* Resources */ = {
			isa = PBXResourcesBuildPhase;
			buildActionMask = 2147483647;
			files = (
				A57492711F06DC4200B0C51D /* LaunchScreen.storyboard in Resources */,
				A574926E1F06DC4100B0C51D /* Assets.xcassets in Resources */,
			);
			runOnlyForDeploymentPostprocessing = 0;
		};
/* End PBXResourcesBuildPhase section */

/* Begin PBXSourcesBuildPhase section */
		A574925F1F06DC4100B0C51D /* Sources */ = {
			isa = PBXSourcesBuildPhase;
			buildActionMask = 2147483647;
			files = (
				A57492691F06DC4100B0C51D /* ViewController.swift in Sources */,
				A57492671F06DC4100B0C51D /* AppDelegate.swift in Sources */,
				A574927B1F06DC5900B0C51D /* Page.swift in Sources */,
				A57492791F06DC4E00B0C51D /* Book.swift in Sources */,
			);
			runOnlyForDeploymentPostprocessing = 0;
		};
/* End PBXSourcesBuildPhase section */

/* Begin PBXVariantGroup section */
		A574926F1F06DC4200B0C51D /* LaunchScreen.storyboard */ = {
			isa = PBXVariantGroup;
			children = (
				A57492701F06DC4200B0C51D /* Base */,
			);
			name = LaunchScreen.storyboard;
			sourceTree = "<group>";
		};
/* End PBXVariantGroup section */

/* Begin XCBuildConfiguration section */
		A57492731F06DC4200B0C51D /* Debug */ = {
			isa = XCBuildConfiguration;
			buildSettings = {
				ALWAYS_SEARCH_USER_PATHS = NO;
				CLANG_ANALYZER_NONNULL = YES;
				CLANG_ANALYZER_NUMBER_OBJECT_CONVERSION = YES_AGGRESSIVE;
				CLANG_CXX_LANGUAGE_STANDARD = "gnu++0x";
				CLANG_CXX_LIBRARY = "libc++";
				CLANG_ENABLE_MODULES = YES;
				CLANG_ENABLE_OBJC_ARC = YES;
				CLANG_WARN_BOOL_CONVERSION = YES;
				CLANG_WARN_CONSTANT_CONVERSION = YES;
				CLANG_WARN_DIRECT_OBJC_ISA_USAGE = YES_ERROR;
				CLANG_WARN_DOCUMENTATION_COMMENTS = YES;
				CLANG_WARN_EMPTY_BODY = YES;
				CLANG_WARN_ENUM_CONVERSION = YES;
				CLANG_WARN_INFINITE_RECURSION = YES;
				CLANG_WARN_INT_CONVERSION = YES;
				CLANG_WARN_OBJC_ROOT_CLASS = YES_ERROR;
				CLANG_WARN_SUSPICIOUS_MOVE = YES;
				CLANG_WARN_UNREACHABLE_CODE = YES;
				CLANG_WARN__DUPLICATE_METHOD_MATCH = YES;
				"CODE_SIGN_IDENTITY[sdk=iphoneos*]" = "iPhone Developer";
				COPY_PHASE_STRIP = NO;
				DEBUG_INFORMATION_FORMAT = dwarf;
				ENABLE_STRICT_OBJC_MSGSEND = YES;
				ENABLE_TESTABILITY = YES;
				GCC_C_LANGUAGE_STANDARD = gnu99;
				GCC_DYNAMIC_NO_PIC = NO;
				GCC_NO_COMMON_BLOCKS = YES;
				GCC_OPTIMIZATION_LEVEL = 0;
				GCC_PREPROCESSOR_DEFINITIONS = (
					"DEBUG=1",
					"$(inherited)",
				);
				GCC_WARN_64_TO_32_BIT_CONVERSION = YES;
				GCC_WARN_ABOUT_RETURN_TYPE = YES_ERROR;
				GCC_WARN_UNDECLARED_SELECTOR = YES;
				GCC_WARN_UNINITIALIZED_AUTOS = YES_AGGRESSIVE;
				GCC_WARN_UNUSED_FUNCTION = YES;
				GCC_WARN_UNUSED_VARIABLE = YES;
				IPHONEOS_DEPLOYMENT_TARGET = 10.3;
				MTL_ENABLE_DEBUG_INFO = YES;
				ONLY_ACTIVE_ARCH = YES;
				SDKROOT = iphoneos;
				SWIFT_ACTIVE_COMPILATION_CONDITIONS = DEBUG;
				SWIFT_OPTIMIZATION_LEVEL = "-Onone";
				TARGETED_DEVICE_FAMILY = "1,2";
			};
			name = Debug;
		};
		A57492741F06DC4200B0C51D /* Release */ = {
			isa = XCBuildConfiguration;
			buildSettings = {
				ALWAYS_SEARCH_USER_PATHS = NO;
				CLANG_ANALYZER_NONNULL = YES;
				CLANG_ANALYZER_NUMBER_OBJECT_CONVERSION = YES_AGGRESSIVE;
				CLANG_CXX_LANGUAGE_STANDARD = "gnu++0x";
				CLANG_CXX_LIBRARY = "libc++";
				CLANG_ENABLE_MODULES = YES;
				CLANG_ENABLE_OBJC_ARC = YES;
				CLANG_WARN_BOOL_CONVERSION = YES;
				CLANG_WARN_CONSTANT_CONVERSION = YES;
				CLANG_WARN_DIRECT_OBJC_ISA_USAGE = YES_ERROR;
				CLANG_WARN_DOCUMENTATION_COMMENTS = YES;
				CLANG_WARN_EMPTY_BODY = YES;
				CLANG_WARN_ENUM_CONVERSION = YES;
				CLANG_WARN_INFINITE_RECURSION = YES;
				CLANG_WARN_INT_CONVERSION = YES;
				CLANG_WARN_OBJC_ROOT_CLASS = YES_ERROR;
				CLANG_WARN_SUSPICIOUS_MOVE = YES;
				CLANG_WARN_UNREACHABLE_CODE = YES;
				CLANG_WARN__DUPLICATE_METHOD_MATCH = YES;
				"CODE_SIGN_IDENTITY[sdk=iphoneos*]" = "iPhone Developer";
				COPY_PHASE_STRIP = NO;
				DEBUG_INFORMATION_FORMAT = "dwarf-with-dsym";
				ENABLE_NS_ASSERTIONS = NO;
				ENABLE_STRICT_OBJC_MSGSEND = YES;
				GCC_C_LANGUAGE_STANDARD = gnu99;
				GCC_NO_COMMON_BLOCKS = YES;
				GCC_WARN_64_TO_32_BIT_CONVERSION = YES;
				GCC_WARN_ABOUT_RETURN_TYPE = YES_ERROR;
				GCC_WARN_UNDECLARED_SELECTOR = YES;
				GCC_WARN_UNINITIALIZED_AUTOS = YES_AGGRESSIVE;
				GCC_WARN_UNUSED_FUNCTION = YES;
				GCC_WARN_UNUSED_VARIABLE = YES;
				IPHONEOS_DEPLOYMENT_TARGET = 10.3;
				MTL_ENABLE_DEBUG_INFO = NO;
				SDKROOT = iphoneos;
				SWIFT_OPTIMIZATION_LEVEL = "-Owholemodule";
				TARGETED_DEVICE_FAMILY = "1,2";
				VALIDATE_PRODUCT = YES;
			};
			name = Release;
		};
		A57492761F06DC4200B0C51D /* Debug */ = {
			isa = XCBuildConfiguration;
			buildSettings = {
				ASSETCATALOG_COMPILER_APPICON_NAME = AppIcon;
				INFOPLIST_FILE = KindleCopyCat/Info.plist;
				LD_RUNPATH_SEARCH_PATHS = "$(inherited) @executable_path/Frameworks";
				PRODUCT_BUNDLE_IDENTIFIER = com.douglasheitner.KindleCopyCat;
				PRODUCT_NAME = "$(TARGET_NAME)";
				SWIFT_VERSION = 3.0;
			};
			name = Debug;
		};
		A57492771F06DC4200B0C51D /* Release */ = {
			isa = XCBuildConfiguration;
			buildSettings = {
				ASSETCATALOG_COMPILER_APPICON_NAME = AppIcon;
				INFOPLIST_FILE = KindleCopyCat/Info.plist;
				LD_RUNPATH_SEARCH_PATHS = "$(inherited) @executable_path/Frameworks";
				PRODUCT_BUNDLE_IDENTIFIER = com.douglasheitner.KindleCopyCat;
				PRODUCT_NAME = "$(TARGET_NAME)";
				SWIFT_VERSION = 3.0;
			};
			name = Release;
		};
/* End XCBuildConfiguration section */

/* Begin XCConfigurationList section */
		A574925E1F06DC4100B0C51D /* Build configuration list for PBXProject "KindleCopyCat" */ = {
			isa = XCConfigurationList;
			buildConfigurations = (
				A57492731F06DC4200B0C51D /* Debug */,
				A57492741F06DC4200B0C51D /* Release */,
			);
			defaultConfigurationIsVisible = 0;
			defaultConfigurationName = Release;
		};
		A57492751F06DC4200B0C51D /* Build configuration list for PBXNativeTarget "KindleCopyCat" */ = {
			isa = XCConfigurationList;
			buildConfigurations = (
				A57492761F06DC4200B0C51D /* Debug */,
				A57492771F06DC4200B0C51D /* Release */,
			);
			defaultConfigurationIsVisible = 0;
		};
/* End XCConfigurationList section */
	};
	rootObject = A574925B1F06DC4100B0C51D /* Project object */;
}
